
Microsoft Visual Studio Solution File, Format Version 12.00
# Visual Studio Version 16
VisualStudioVersion = 16.0.32510.428
MinimumVisualStudioVersion = 10.0.40219.1
Project("{FAE04EC0-301F-11D3-BF4B-00C04F79EFBC}") = "NovelReader", "NovelReader\NovelReader.csproj", "{72989D1B-6C85-4EDC-8DBB-EF1EBC9C3BEF}"
EndProject
Global
	GlobalSection(SolutionConfigurationPlatforms) = preSolution
		Debug|Any CPU = Debug|Any CPU
		Release|Any CPU = Release|Any CPU
	EndGlobalSection
	GlobalSection(ProjectConfigurationPlatforms) = postSolution
		{72989D1B-6C85-4EDC-8DBB-EF1EBC9C3BEF}.Debug|Any CPU.ActiveCfg = Debug|Any CPU
		{72989D1B-6C85-4EDC-8DBB-EF1EBC9C3BEF}.Debug|Any CPU.Build.0 = Debug|Any CPU
		{72989D1B-6C85-4EDC-8DBB-EF1EBC9C3BEF}.Release|Any CPU.ActiveCfg = Release|Any CPU
		{72989D1B-6C85-4EDC-8DBB-EF1EBC9C3BEF}.Release|Any CPU.Build.0 = Release|Any CPU
	EndGlobalSection
	GlobalSection(SolutionProperties) = preSolution
		HideSolutionNode = FALSE
	EndGlobalSection
	GlobalSection(ExtensibilityGlobals) = postSolution
		SolutionGuid = {88F381CD-7272-4B57-9B48-19842674CD16}
	EndGlobalSection
EndGlobal
